{
    "_meta": {
        "hash": {
            "sha256": "80bc095ab3bb5f5bdfb750e027126890b18a86f12f7ce225fdb677f06ac309f9"
        },
        "pipfile-spec": 6,
        "requires": {
            "python_version": "3"
        },
        "sources": [
            {
                "name": "pypi",
                "url": "https://pypi.org/simple",
                "verify_ssl": true
            }
        ]
    },
    "default": {
        "redis": {
            "hashes": [
                "sha256:56732e156fe31801c4f43396bd3ca0c2a7f6f83d7936798531b9848d103381aa",
                "sha256:7df17a0a2b72a4c8895b462dd07616c51b1dcb48fdd7ecb7b6f4bf39ecb2e94e"
            ],
            "index": "pypi",
            "version": "==4.5.3"
        }
    },
    "develop": {}
}
